{
  "nodes": {
    "fenix": {
      "inputs": {
        "nixpkgs": [
          "nixpkgs"
        ],
        "rust-analyzer-src": "rust-analyzer-src"
      },
      "locked": {
        "lastModified": 1716272846,
        "narHash": "sha256-MtL0YhG20cngHsS6PIdpA3bkLnSx6XJBd2V8R9RaEc4=",
        "owner": "nix-community",
        "repo": "fenix",
        "rev": "063d7e5fac454edd35b7e2cedb6ca9fb1410c79b",
        "type": "github"
      },
      "original": {
        "owner": "nix-community",
        "repo": "fenix",
        "type": "github"
      }
    },
    "nixpkgs": {
      "locked": {
        "lastModified": 1716220750,
        "narHash": "sha256-Lhhrd1ZBNXCbUupWGq6gRPIy1qMKEdcAXcjnwgVqe/U=",
        "owner": "nixos",
        "repo": "nixpkgs",
        "rev": "641daa314d5bc1bca4b345da8eb08a130b109c79",
        "type": "github"
      },
      "original": {
        "owner": "nixos",
        "ref": "nixpkgs-unstable",
        "repo": "nixpkgs",
        "type": "github"
      }
    },
    "root": {
      "inputs": {
        "fenix": "fenix",
        "nixpkgs": "nixpkgs"
      }
    },
    "rust-analyzer-src": {
      "flake": false,
      "locked": {
        "lastModified": 1716107283,
        "narHash": "sha256-NJgrwLiLGHDrCia5AeIvZUHUY7xYGVryee0/9D3Ir1I=",
        "owner": "rust-lang",
        "repo": "rust-analyzer",
        "rev": "21ec8f523812b88418b2bfc64240c62b3dd967bd",
        "type": "github"
      },
      "original": {
        "owner": "rust-lang",
        "ref": "nightly",
        "repo": "rust-analyzer",
        "type": "github"
      }
    }
  },
  "root": "root",
  "version": 7
}
